
Microsoft Visual Studio Solution File, Format Version 12.00
# Visual Studio Version 17
VisualStudioVersion = 17.7.34018.315
MinimumVisualStudioVersion = 10.0.40219.1
Project("{9A19103F-16F7-4668-BE54-9A1E7A4F7556}") = "Cubit", "BitcoinCBC\Cubit.csproj", "{35B749DC-A1DF-4F95-AC9B-3DABE41C08FA}"
EndProject
Global
	GlobalSection(SolutionConfigurationPlatforms) = preSolution
		Debug|Any CPU = Debug|Any CPU
		Release|Any CPU = Release|Any CPU
	EndGlobalSection
	GlobalSection(ProjectConfigurationPlatforms) = postSolution
		{35B749DC-A1DF-4F95-AC9B-3DABE41C08FA}.Debug|Any CPU.ActiveCfg = Debug|Any CPU
		{35B749DC-A1DF-4F95-AC9B-3DABE41C08FA}.Debug|Any CPU.Build.0 = Debug|Any CPU
		{35B749DC-A1DF-4F95-AC9B-3DABE41C08FA}.Release|Any CPU.ActiveCfg = Release|Any CPU
		{35B749DC-A1DF-4F95-AC9B-3DABE41C08FA}.Release|Any CPU.Build.0 = Release|Any CPU
	EndGlobalSection
	GlobalSection(SolutionProperties) = preSolution
		HideSolutionNode = FALSE
	EndGlobalSection
	GlobalSection(ExtensibilityGlobals) = postSolution
		SolutionGuid = {002B72DA-70EE-48F1-BBCE-9A83338A41CA}
	EndGlobalSection
EndGlobal
